
Microsoft Visual Studio Solution File, Format Version 12.00
# Visual Studio 15
VisualStudioVersion = 15.0.28307.329
MinimumVisualStudioVersion = 10.0.40219.1
Project("{9A19103F-16F7-4668-BE54-9A1E7A4F7556}") = "ByteStream", "ByteStream\ByteStream.csproj", "{6E4C66A0-2B3F-468C-95EA-85FA1C394865}"
EndProject
Project("{9A19103F-16F7-4668-BE54-9A1E7A4F7556}") = "ByteStreamTest", "ByteStreamTest\ByteStreamTest.csproj", "{F3FC0B38-AE0B-4CF5-A259-D09BA8FE41C3}"
EndProject
Project("{FAE04EC0-301F-11D3-BF4B-00C04F79EFBC}") = "ByteStreamBenchmark", "ByteStreamBenchmark\ByteStreamBenchmark.csproj", "{81CD8C01-2262-41FD-BF41-C5BF19AD05E1}"
EndProject
Global
	GlobalSection(SolutionConfigurationPlatforms) = preSolution
		Debug|Any CPU = Debug|Any CPU
		Release|Any CPU = Release|Any CPU
	EndGlobalSection
	GlobalSection(ProjectConfigurationPlatforms) = postSolution
		{6E4C66A0-2B3F-468C-95EA-85FA1C394865}.Debug|Any CPU.ActiveCfg = Debug|Any CPU
		{6E4C66A0-2B3F-468C-95EA-85FA1C394865}.Debug|Any CPU.Build.0 = Debug|Any CPU
		{6E4C66A0-2B3F-468C-95EA-85FA1C394865}.Release|Any CPU.ActiveCfg = Release|Any CPU
		{6E4C66A0-2B3F-468C-95EA-85FA1C394865}.Release|Any CPU.Build.0 = Release|Any CPU
		{F3FC0B38-AE0B-4CF5-A259-D09BA8FE41C3}.Debug|Any CPU.ActiveCfg = Debug|Any CPU
		{F3FC0B38-AE0B-4CF5-A259-D09BA8FE41C3}.Debug|Any CPU.Build.0 = Debug|Any CPU
		{F3FC0B38-AE0B-4CF5-A259-D09BA8FE41C3}.Release|Any CPU.ActiveCfg = Release|Any CPU
		{F3FC0B38-AE0B-4CF5-A259-D09BA8FE41C3}.Release|Any CPU.Build.0 = Release|Any CPU
		{81CD8C01-2262-41FD-BF41-C5BF19AD05E1}.Debug|Any CPU.ActiveCfg = Debug|Any CPU
		{81CD8C01-2262-41FD-BF41-C5BF19AD05E1}.Debug|Any CPU.Build.0 = Debug|Any CPU
		{81CD8C01-2262-41FD-BF41-C5BF19AD05E1}.Release|Any CPU.ActiveCfg = Release|Any CPU
		{81CD8C01-2262-41FD-BF41-C5BF19AD05E1}.Release|Any CPU.Build.0 = Release|Any CPU
	EndGlobalSection
	GlobalSection(SolutionProperties) = preSolution
		HideSolutionNode = FALSE
	EndGlobalSection
	GlobalSection(ExtensibilityGlobals) = postSolution
		SolutionGuid = {D5FCEEBC-43C6-471C-BAD6-2B991FEFB8DC}
	EndGlobalSection
EndGlobal
